
Microsoft Visual Studio Solution File, Format Version 12.00
# Visual Studio Version 17
VisualStudioVersion = 17.5.002.0
MinimumVisualStudioVersion = 10.0.40219.1
Project("{9A19103F-16F7-4668-BE54-9A1E7A4F7556}") = "lab2", "lab2.csproj", "{68DDD84E-5C0E-451B-81A4-5C2C55D07A06}"
EndProject
Global
	GlobalSection(SolutionConfigurationPlatforms) = preSolution
		Debug|Any CPU = Debug|Any CPU
		Release|Any CPU = Release|Any CPU
	EndGlobalSection
	GlobalSection(ProjectConfigurationPlatforms) = postSolution
		{68DDD84E-5C0E-451B-81A4-5C2C55D07A06}.Debug|Any CPU.ActiveCfg = Debug|Any CPU
		{68DDD84E-5C0E-451B-81A4-5C2C55D07A06}.Debug|Any CPU.Build.0 = Debug|Any CPU
		{68DDD84E-5C0E-451B-81A4-5C2C55D07A06}.Release|Any CPU.ActiveCfg = Release|Any CPU
		{68DDD84E-5C0E-451B-81A4-5C2C55D07A06}.Release|Any CPU.Build.0 = Release|Any CPU
	EndGlobalSection
	GlobalSection(SolutionProperties) = preSolution
		HideSolutionNode = FALSE
	EndGlobalSection
	GlobalSection(ExtensibilityGlobals) = postSolution
		SolutionGuid = {EC3A3D82-0EF6-4C36-82E6-188F2F459234}
	EndGlobalSection
EndGlobal
